
Microsoft Visual Studio Solution File, Format Version 12.00
# Visual Studio Version 17
VisualStudioVersion = 17.2.32616.157
MinimumVisualStudioVersion = 10.0.40219.1
Project("{9A19103F-16F7-4668-BE54-9A1E7A4F7556}") = "VSAssetManagement", "VSAssetManagement\VSAssetManagement.csproj", "{49A76E64-082F-4E05-ADCA-0F4299C7F81E}"
EndProject
Project("{FAE04EC0-301F-11D3-BF4B-00C04F79EFBC}") = "ViswasamudraCommonObjects", "ViswasamudraCommonObjects\ViswasamudraCommonObjects.csproj", "{9341F600-F0B6-49A3-8D23-E4786FF95797}"
EndProject
Project("{9A19103F-16F7-4668-BE54-9A1E7A4F7556}") = "ViswaSamudraUI", "ViswaSamudraUI\ViswaSamudraUI.csproj", "{F45ACDF8-7AFC-4B77-8284-B3B48BD3515E}"
EndProject
Global
	GlobalSection(SolutionConfigurationPlatforms) = preSolution
		Debug|Any CPU = Debug|Any CPU
		Release|Any CPU = Release|Any CPU
	EndGlobalSection
	GlobalSection(ProjectConfigurationPlatforms) = postSolution
		{49A76E64-082F-4E05-ADCA-0F4299C7F81E}.Debug|Any CPU.ActiveCfg = Debug|Any CPU
		{49A76E64-082F-4E05-ADCA-0F4299C7F81E}.Debug|Any CPU.Build.0 = Debug|Any CPU
		{49A76E64-082F-4E05-ADCA-0F4299C7F81E}.Release|Any CPU.ActiveCfg = Release|Any CPU
		{49A76E64-082F-4E05-ADCA-0F4299C7F81E}.Release|Any CPU.Build.0 = Release|Any CPU
		{9341F600-F0B6-49A3-8D23-E4786FF95797}.Debug|Any CPU.ActiveCfg = Debug|Any CPU
		{9341F600-F0B6-49A3-8D23-E4786FF95797}.Debug|Any CPU.Build.0 = Debug|Any CPU
		{9341F600-F0B6-49A3-8D23-E4786FF95797}.Release|Any CPU.ActiveCfg = Release|Any CPU
		{9341F600-F0B6-49A3-8D23-E4786FF95797}.Release|Any CPU.Build.0 = Release|Any CPU
		{F45ACDF8-7AFC-4B77-8284-B3B48BD3515E}.Debug|Any CPU.ActiveCfg = Debug|Any CPU
		{F45ACDF8-7AFC-4B77-8284-B3B48BD3515E}.Debug|Any CPU.Build.0 = Debug|Any CPU
		{F45ACDF8-7AFC-4B77-8284-B3B48BD3515E}.Release|Any CPU.ActiveCfg = Release|Any CPU
		{F45ACDF8-7AFC-4B77-8284-B3B48BD3515E}.Release|Any CPU.Build.0 = Release|Any CPU
	EndGlobalSection
	GlobalSection(SolutionProperties) = preSolution
		HideSolutionNode = FALSE
	EndGlobalSection
	GlobalSection(ExtensibilityGlobals) = postSolution
		SolutionGuid = {5CC80D64-3C57-4C95-94D1-D0863AFA71A8}
	EndGlobalSection
EndGlobal
